
Microsoft Visual Studio Solution File, Format Version 12.00
# Visual Studio Version 17
VisualStudioVersion = 17.11.35327.3
MinimumVisualStudioVersion = 10.0.40219.1
Project("{2150E333-8FDC-42A3-9474-1A3956D46DE8}") = "src", "src", "{4B92EADA-3FBE-4B92-80A5-38FFB03B332D}"
EndProject
Project("{2150E333-8FDC-42A3-9474-1A3956D46DE8}") = "API", "API", "{BB17EADA-5049-4273-B75A-0B464D59043C}"
EndProject
Project("{2150E333-8FDC-42A3-9474-1A3956D46DE8}") = "test", "test", "{CA96A1CF-86FD-4AEF-B328-4B81DD4C06E0}"
EndProject
Project("{2150E333-8FDC-42A3-9474-1A3956D46DE8}") = "Core", "Core", "{A9B97715-C9B5-4DF5-92C8-4B19D654940B}"
EndProject
Project("{2150E333-8FDC-42A3-9474-1A3956D46DE8}") = "Infrastructure", "Infrastructure", "{0121FCD5-3B25-48AF-AB65-7789E78DFD85}"
EndProject
Project("{2150E333-8FDC-42A3-9474-1A3956D46DE8}") = "UI", "UI", "{28473113-2096-4AA9-A453-048B82E7254F}"
EndProject
Project("{9A19103F-16F7-4668-BE54-9A1E7A4F7556}") = "IntraApi.Domain", "IntraApi.Domain\IntraApi.Domain.csproj", "{A61DF78A-662D-47B0-8639-FF7E5A32259D}"
EndProject
Project("{9A19103F-16F7-4668-BE54-9A1E7A4F7556}") = "IntraApi.Application", "IntraApi.Application\IntraApi.Application.csproj", "{3A17750D-7B19-461D-8AA9-682EEDF4B07C}"
EndProject
Project("{9A19103F-16F7-4668-BE54-9A1E7A4F7556}") = "IntraApi.Persistence", "IntraApi.Persistence\IntraApi.Persistence.csproj", "{23CA6FAF-4672-443D-A3F9-278E81717EB8}"
EndProject
Project("{9A19103F-16F7-4668-BE54-9A1E7A4F7556}") = "IntraApi.Api", "IntraApi.Api\IntraApi.Api.csproj", "{9F8363D3-E7F6-4D7D-9F0C-6290E05E8DF2}"
EndProject
Project("{9A19103F-16F7-4668-BE54-9A1E7A4F7556}") = "IntraApi.Application.UnitTests", "IntraApi.Application.UnitTests\IntraApi.Application.UnitTests.csproj", "{B500DADA-64C4-43AB-922B-287CE8BA98C9}"
EndProject
Project("{9A19103F-16F7-4668-BE54-9A1E7A4F7556}") = "IntraApi.Persistence.IntegrationTests", "IntraApi.Persistence.IntegrationTests\IntraApi.Persistence.IntegrationTests.csproj", "{A9997316-6D49-4B4C-B52B-CA3071B4B720}"
EndProject
Project("{9A19103F-16F7-4668-BE54-9A1E7A4F7556}") = "IntraApi.API.IntegrationTests", "IntraApi.API.IntegrationTests\IntraApi.API.IntegrationTests.csproj", "{58F130D6-0F8F-4B83-AE07-A8083F3914F9}"
EndProject
Project("{FAE04EC0-301F-11D3-BF4B-00C04F79EFBC}") = "IntraApi.App", "IntraApi.App\IntraApi.App.csproj", "{450E812B-6820-4525-BE77-28EEA01A3F9D}"
EndProject
Global
	GlobalSection(SolutionConfigurationPlatforms) = preSolution
		Debug|Any CPU = Debug|Any CPU
		Release|Any CPU = Release|Any CPU
	EndGlobalSection
	GlobalSection(ProjectConfigurationPlatforms) = postSolution
		{A61DF78A-662D-47B0-8639-FF7E5A32259D}.Debug|Any CPU.ActiveCfg = Debug|Any CPU
		{A61DF78A-662D-47B0-8639-FF7E5A32259D}.Debug|Any CPU.Build.0 = Debug|Any CPU
		{A61DF78A-662D-47B0-8639-FF7E5A32259D}.Release|Any CPU.ActiveCfg = Release|Any CPU
		{A61DF78A-662D-47B0-8639-FF7E5A32259D}.Release|Any CPU.Build.0 = Release|Any CPU
		{3A17750D-7B19-461D-8AA9-682EEDF4B07C}.Debug|Any CPU.ActiveCfg = Debug|Any CPU
		{3A17750D-7B19-461D-8AA9-682EEDF4B07C}.Debug|Any CPU.Build.0 = Debug|Any CPU
		{3A17750D-7B19-461D-8AA9-682EEDF4B07C}.Release|Any CPU.ActiveCfg = Release|Any CPU
		{3A17750D-7B19-461D-8AA9-682EEDF4B07C}.Release|Any CPU.Build.0 = Release|Any CPU
		{23CA6FAF-4672-443D-A3F9-278E81717EB8}.Debug|Any CPU.ActiveCfg = Debug|Any CPU
		{23CA6FAF-4672-443D-A3F9-278E81717EB8}.Debug|Any CPU.Build.0 = Debug|Any CPU
		{23CA6FAF-4672-443D-A3F9-278E81717EB8}.Release|Any CPU.ActiveCfg = Release|Any CPU
		{23CA6FAF-4672-443D-A3F9-278E81717EB8}.Release|Any CPU.Build.0 = Release|Any CPU
		{9F8363D3-E7F6-4D7D-9F0C-6290E05E8DF2}.Debug|Any CPU.ActiveCfg = Debug|Any CPU
		{9F8363D3-E7F6-4D7D-9F0C-6290E05E8DF2}.Debug|Any CPU.Build.0 = Debug|Any CPU
		{9F8363D3-E7F6-4D7D-9F0C-6290E05E8DF2}.Release|Any CPU.ActiveCfg = Release|Any CPU
		{9F8363D3-E7F6-4D7D-9F0C-6290E05E8DF2}.Release|Any CPU.Build.0 = Release|Any CPU
		{B500DADA-64C4-43AB-922B-287CE8BA98C9}.Debug|Any CPU.ActiveCfg = Debug|Any CPU
		{B500DADA-64C4-43AB-922B-287CE8BA98C9}.Debug|Any CPU.Build.0 = Debug|Any CPU
		{B500DADA-64C4-43AB-922B-287CE8BA98C9}.Release|Any CPU.ActiveCfg = Release|Any CPU
		{B500DADA-64C4-43AB-922B-287CE8BA98C9}.Release|Any CPU.Build.0 = Release|Any CPU
		{A9997316-6D49-4B4C-B52B-CA3071B4B720}.Debug|Any CPU.ActiveCfg = Debug|Any CPU
		{A9997316-6D49-4B4C-B52B-CA3071B4B720}.Debug|Any CPU.Build.0 = Debug|Any CPU
		{A9997316-6D49-4B4C-B52B-CA3071B4B720}.Release|Any CPU.ActiveCfg = Release|Any CPU
		{A9997316-6D49-4B4C-B52B-CA3071B4B720}.Release|Any CPU.Build.0 = Release|Any CPU
		{58F130D6-0F8F-4B83-AE07-A8083F3914F9}.Debug|Any CPU.ActiveCfg = Debug|Any CPU
		{58F130D6-0F8F-4B83-AE07-A8083F3914F9}.Debug|Any CPU.Build.0 = Debug|Any CPU
		{58F130D6-0F8F-4B83-AE07-A8083F3914F9}.Release|Any CPU.ActiveCfg = Release|Any CPU
		{58F130D6-0F8F-4B83-AE07-A8083F3914F9}.Release|Any CPU.Build.0 = Release|Any CPU
		{450E812B-6820-4525-BE77-28EEA01A3F9D}.Debug|Any CPU.ActiveCfg = Debug|Any CPU
		{450E812B-6820-4525-BE77-28EEA01A3F9D}.Debug|Any CPU.Build.0 = Debug|Any CPU
		{450E812B-6820-4525-BE77-28EEA01A3F9D}.Release|Any CPU.ActiveCfg = Release|Any CPU
		{450E812B-6820-4525-BE77-28EEA01A3F9D}.Release|Any CPU.Build.0 = Release|Any CPU
	EndGlobalSection
	GlobalSection(SolutionProperties) = preSolution
		HideSolutionNode = FALSE
	EndGlobalSection
	GlobalSection(NestedProjects) = preSolution
		{BB17EADA-5049-4273-B75A-0B464D59043C} = {4B92EADA-3FBE-4B92-80A5-38FFB03B332D}
		{A9B97715-C9B5-4DF5-92C8-4B19D654940B} = {4B92EADA-3FBE-4B92-80A5-38FFB03B332D}
		{0121FCD5-3B25-48AF-AB65-7789E78DFD85} = {4B92EADA-3FBE-4B92-80A5-38FFB03B332D}
		{28473113-2096-4AA9-A453-048B82E7254F} = {4B92EADA-3FBE-4B92-80A5-38FFB03B332D}
		{A61DF78A-662D-47B0-8639-FF7E5A32259D} = {A9B97715-C9B5-4DF5-92C8-4B19D654940B}
		{3A17750D-7B19-461D-8AA9-682EEDF4B07C} = {A9B97715-C9B5-4DF5-92C8-4B19D654940B}
		{23CA6FAF-4672-443D-A3F9-278E81717EB8} = {0121FCD5-3B25-48AF-AB65-7789E78DFD85}
		{9F8363D3-E7F6-4D7D-9F0C-6290E05E8DF2} = {BB17EADA-5049-4273-B75A-0B464D59043C}
		{B500DADA-64C4-43AB-922B-287CE8BA98C9} = {CA96A1CF-86FD-4AEF-B328-4B81DD4C06E0}
		{A9997316-6D49-4B4C-B52B-CA3071B4B720} = {CA96A1CF-86FD-4AEF-B328-4B81DD4C06E0}
		{58F130D6-0F8F-4B83-AE07-A8083F3914F9} = {CA96A1CF-86FD-4AEF-B328-4B81DD4C06E0}
		{450E812B-6820-4525-BE77-28EEA01A3F9D} = {28473113-2096-4AA9-A453-048B82E7254F}
	EndGlobalSection
	GlobalSection(ExtensibilityGlobals) = postSolution
		SolutionGuid = {B25D566E-5E04-4966-975C-E0844DA1B0C1}
	EndGlobalSection
EndGlobal
